
Microsoft Visual Studio Solution File, Format Version 12.00
# Visual Studio Version 17
VisualStudioVersion = 17.5.33502.453
MinimumVisualStudioVersion = 10.0.40219.1
Project("{9A19103F-16F7-4668-BE54-9A1E7A4F7556}") = "WebAndDbSample", "WebAndDbSample\WebAndDbSample.csproj", "{36079132-CCCD-435E-B72C-4672EB0407C3}"
EndProject
Project("{2150E333-8FDC-42A3-9474-1A3956D46DE8}") = "solutionfolder", "solutionfolder", "{B9FEA514-A403-4354-9369-06FA9DD66133}"
	ProjectSection(SolutionItems) = preProject
		README.md = README.md
	EndProjectSection
EndProject
Global
	GlobalSection(SolutionConfigurationPlatforms) = preSolution
		Debug|Any CPU = Debug|Any CPU
		Release|Any CPU = Release|Any CPU
	EndGlobalSection
	GlobalSection(ProjectConfigurationPlatforms) = postSolution
		{36079132-CCCD-435E-B72C-4672EB0407C3}.Debug|Any CPU.ActiveCfg = Debug|Any CPU
		{36079132-CCCD-435E-B72C-4672EB0407C3}.Debug|Any CPU.Build.0 = Debug|Any CPU
		{36079132-CCCD-435E-B72C-4672EB0407C3}.Release|Any CPU.ActiveCfg = Release|Any CPU
		{36079132-CCCD-435E-B72C-4672EB0407C3}.Release|Any CPU.Build.0 = Release|Any CPU
	EndGlobalSection
	GlobalSection(SolutionProperties) = preSolution
		HideSolutionNode = FALSE
	EndGlobalSection
	GlobalSection(ExtensibilityGlobals) = postSolution
		SolutionGuid = {651E731E-D84C-49F3-9BFC-DEDA840BD243}
	EndGlobalSection
EndGlobal
